
Microsoft Visual Studio Solution File, Format Version 12.00
# Visual Studio Version 17
VisualStudioVersion = 17.8.34511.84
MinimumVisualStudioVersion = 10.0.40219.1
Project("{9A19103F-16F7-4668-BE54-9A1E7A4F7556}") = "MainService", "MainService\MainService.csproj", "{CF65F66A-892C-478C-A93F-1C0B46B47BB7}"
EndProject
Project("{9A19103F-16F7-4668-BE54-9A1E7A4F7556}") = "OrderManagerService", "OrderManagerService\OrderManagerService.csproj", "{1228C1BB-08A3-4FD1-8214-341BA1C262B0}"
EndProject
Project("{2150E333-8FDC-42A3-9474-1A3956D46DE8}") = "src", "src", "{195BAC64-7EFB-4F74-94D8-3DCA26910B35}"
EndProject
Project("{2150E333-8FDC-42A3-9474-1A3956D46DE8}") = "OrderService", "OrderService", "{717E9A22-5E67-463B-99D4-1ADC9B84676A}"
EndProject
Project("{9A19103F-16F7-4668-BE54-9A1E7A4F7556}") = "R7P.OrderService.Domain", "src\OrderService\R7P.OrderService.Domain\R7P.OrderService.Domain.csproj", "{0BAC3586-76E5-44AC-8CAA-C4F9541B8F80}"
EndProject
Project("{9A19103F-16F7-4668-BE54-9A1E7A4F7556}") = "R7P.OrderService.Infrastructure", "src\OrderService\R7P.OrderService.Infrastructure\R7P.OrderService.Infrastructure.csproj", "{A4878879-02B3-4482-A0FF-FFAA7ABD783B}"
EndProject
Project("{9A19103F-16F7-4668-BE54-9A1E7A4F7556}") = "R7P.OrderService.Application", "src\OrderService\R7P.OrderService.Application\R7P.OrderService.Application.csproj", "{C6BC9DB9-04EC-4BF8-94EE-AD66A95AFBA8}"
EndProject
Project("{9A19103F-16F7-4668-BE54-9A1E7A4F7556}") = "R7P.OrderService.WebApi", "src\OrderService\R7P.OrderService.WebApi\R7P.OrderService.WebApi.csproj", "{15A09201-CB38-4AF6-8312-B1FA933F230C}"
EndProject
Project("{9A19103F-16F7-4668-BE54-9A1E7A4F7556}") = "MachineManagerService.Domain.Entities", "src\MachineManagerService\Domain\Domain.Entities\MachineManagerService.Domain.Entities.csproj", "{2BE01C0B-0A97-4FDE-866C-AC6DE5447B21}"
EndProject
Project("{9A19103F-16F7-4668-BE54-9A1E7A4F7556}") = "MachineManagerService.Infrastructure.EntityFramework", "src\MachineManagerService\Infrastructure\Infrastructure.EntityFramework\MachineManagerService.Infrastructure.EntityFramework.csproj", "{8735007C-F29C-4540-9B82-50C773B2CED7}"
EndProject
Project("{9A19103F-16F7-4668-BE54-9A1E7A4F7556}") = "MachineManagerService.AMQP", "src\MachineManagerService\Amqp\MachineManagerService.AMQP.csproj", "{BA7244B5-9DF9-457F-AF92-67C14E49092D}"
EndProject
Project("{2150E333-8FDC-42A3-9474-1A3956D46DE8}") = "Domain", "Domain", "{E46D65B5-18C9-44E7-9E29-FC6268463509}"
EndProject
Project("{2150E333-8FDC-42A3-9474-1A3956D46DE8}") = "Infrastructure", "Infrastructure", "{A6DC297A-0CDF-4077-95B2-5C4CEA25646D}"
EndProject
Project("{2150E333-8FDC-42A3-9474-1A3956D46DE8}") = "MachineManagerService", "MachineManagerService", "{4246D2D8-E08A-45F3-9C73-BCFADAADF2C7}"
	ProjectSection(SolutionItems) = preProject
		src\MachineManagerService\MachineManagerServiceDBScheme.drawio.html = src\MachineManagerService\MachineManagerServiceDBScheme.drawio.html
	EndProjectSection
EndProject
Project("{FAE04EC0-301F-11D3-BF4B-00C04F79EFBC}") = "MachineManagerService.WebApi", "src\MachineManagerService\WebApi\MachineManagerService.WebApi.csproj", "{A3A7B0F8-6AB3-4B7F-853F-D1AD02FC5503}"
EndProject
Project("{2150E333-8FDC-42A3-9474-1A3956D46DE8}") = "Application", "Application", "{C8CA725A-59E1-4883-B1F3-9ECD1715DE3D}"
EndProject
Project("{FAE04EC0-301F-11D3-BF4B-00C04F79EFBC}") = "MachineManagerService.Application", "src\MachineManagerService\Application\MachineManagerService.Application\MachineManagerService.Application.csproj", "{02F0E877-F220-4883-A827-4AEC1AB138DA}"
EndProject
Global
	GlobalSection(SolutionConfigurationPlatforms) = preSolution
		Debug|Any CPU = Debug|Any CPU
		Release|Any CPU = Release|Any CPU
	EndGlobalSection
	GlobalSection(ProjectConfigurationPlatforms) = postSolution
		{CF65F66A-892C-478C-A93F-1C0B46B47BB7}.Debug|Any CPU.ActiveCfg = Debug|Any CPU
		{CF65F66A-892C-478C-A93F-1C0B46B47BB7}.Debug|Any CPU.Build.0 = Debug|Any CPU
		{CF65F66A-892C-478C-A93F-1C0B46B47BB7}.Release|Any CPU.ActiveCfg = Release|Any CPU
		{CF65F66A-892C-478C-A93F-1C0B46B47BB7}.Release|Any CPU.Build.0 = Release|Any CPU
		{1228C1BB-08A3-4FD1-8214-341BA1C262B0}.Debug|Any CPU.ActiveCfg = Debug|Any CPU
		{1228C1BB-08A3-4FD1-8214-341BA1C262B0}.Debug|Any CPU.Build.0 = Debug|Any CPU
		{1228C1BB-08A3-4FD1-8214-341BA1C262B0}.Release|Any CPU.ActiveCfg = Release|Any CPU
		{1228C1BB-08A3-4FD1-8214-341BA1C262B0}.Release|Any CPU.Build.0 = Release|Any CPU
		{0BAC3586-76E5-44AC-8CAA-C4F9541B8F80}.Debug|Any CPU.ActiveCfg = Debug|Any CPU
		{0BAC3586-76E5-44AC-8CAA-C4F9541B8F80}.Debug|Any CPU.Build.0 = Debug|Any CPU
		{0BAC3586-76E5-44AC-8CAA-C4F9541B8F80}.Release|Any CPU.ActiveCfg = Release|Any CPU
		{0BAC3586-76E5-44AC-8CAA-C4F9541B8F80}.Release|Any CPU.Build.0 = Release|Any CPU
		{A4878879-02B3-4482-A0FF-FFAA7ABD783B}.Debug|Any CPU.ActiveCfg = Debug|Any CPU
		{A4878879-02B3-4482-A0FF-FFAA7ABD783B}.Debug|Any CPU.Build.0 = Debug|Any CPU
		{A4878879-02B3-4482-A0FF-FFAA7ABD783B}.Release|Any CPU.ActiveCfg = Release|Any CPU
		{A4878879-02B3-4482-A0FF-FFAA7ABD783B}.Release|Any CPU.Build.0 = Release|Any CPU
		{C6BC9DB9-04EC-4BF8-94EE-AD66A95AFBA8}.Debug|Any CPU.ActiveCfg = Debug|Any CPU
		{C6BC9DB9-04EC-4BF8-94EE-AD66A95AFBA8}.Debug|Any CPU.Build.0 = Debug|Any CPU
		{C6BC9DB9-04EC-4BF8-94EE-AD66A95AFBA8}.Release|Any CPU.ActiveCfg = Release|Any CPU
		{C6BC9DB9-04EC-4BF8-94EE-AD66A95AFBA8}.Release|Any CPU.Build.0 = Release|Any CPU
		{15A09201-CB38-4AF6-8312-B1FA933F230C}.Debug|Any CPU.ActiveCfg = Debug|Any CPU
		{15A09201-CB38-4AF6-8312-B1FA933F230C}.Debug|Any CPU.Build.0 = Debug|Any CPU
		{15A09201-CB38-4AF6-8312-B1FA933F230C}.Release|Any CPU.ActiveCfg = Release|Any CPU
		{15A09201-CB38-4AF6-8312-B1FA933F230C}.Release|Any CPU.Build.0 = Release|Any CPU
		{2BE01C0B-0A97-4FDE-866C-AC6DE5447B21}.Debug|Any CPU.ActiveCfg = Debug|Any CPU
		{2BE01C0B-0A97-4FDE-866C-AC6DE5447B21}.Debug|Any CPU.Build.0 = Debug|Any CPU
		{2BE01C0B-0A97-4FDE-866C-AC6DE5447B21}.Release|Any CPU.ActiveCfg = Release|Any CPU
		{2BE01C0B-0A97-4FDE-866C-AC6DE5447B21}.Release|Any CPU.Build.0 = Release|Any CPU
		{8735007C-F29C-4540-9B82-50C773B2CED7}.Debug|Any CPU.ActiveCfg = Debug|Any CPU
		{8735007C-F29C-4540-9B82-50C773B2CED7}.Debug|Any CPU.Build.0 = Debug|Any CPU
		{8735007C-F29C-4540-9B82-50C773B2CED7}.Release|Any CPU.ActiveCfg = Release|Any CPU
		{8735007C-F29C-4540-9B82-50C773B2CED7}.Release|Any CPU.Build.0 = Release|Any CPU
		{BA7244B5-9DF9-457F-AF92-67C14E49092D}.Debug|Any CPU.ActiveCfg = Debug|Any CPU
		{BA7244B5-9DF9-457F-AF92-67C14E49092D}.Debug|Any CPU.Build.0 = Debug|Any CPU
		{BA7244B5-9DF9-457F-AF92-67C14E49092D}.Release|Any CPU.ActiveCfg = Release|Any CPU
		{BA7244B5-9DF9-457F-AF92-67C14E49092D}.Release|Any CPU.Build.0 = Release|Any CPU
		{A3A7B0F8-6AB3-4B7F-853F-D1AD02FC5503}.Debug|Any CPU.ActiveCfg = Debug|Any CPU
		{A3A7B0F8-6AB3-4B7F-853F-D1AD02FC5503}.Debug|Any CPU.Build.0 = Debug|Any CPU
		{A3A7B0F8-6AB3-4B7F-853F-D1AD02FC5503}.Release|Any CPU.ActiveCfg = Release|Any CPU
		{A3A7B0F8-6AB3-4B7F-853F-D1AD02FC5503}.Release|Any CPU.Build.0 = Release|Any CPU
		{02F0E877-F220-4883-A827-4AEC1AB138DA}.Debug|Any CPU.ActiveCfg = Debug|Any CPU
		{02F0E877-F220-4883-A827-4AEC1AB138DA}.Debug|Any CPU.Build.0 = Debug|Any CPU
		{02F0E877-F220-4883-A827-4AEC1AB138DA}.Release|Any CPU.ActiveCfg = Release|Any CPU
		{02F0E877-F220-4883-A827-4AEC1AB138DA}.Release|Any CPU.Build.0 = Release|Any CPU
	EndGlobalSection
	GlobalSection(SolutionProperties) = preSolution
		HideSolutionNode = FALSE
	EndGlobalSection
	GlobalSection(NestedProjects) = preSolution
		{717E9A22-5E67-463B-99D4-1ADC9B84676A} = {195BAC64-7EFB-4F74-94D8-3DCA26910B35}
		{0BAC3586-76E5-44AC-8CAA-C4F9541B8F80} = {717E9A22-5E67-463B-99D4-1ADC9B84676A}
		{A4878879-02B3-4482-A0FF-FFAA7ABD783B} = {717E9A22-5E67-463B-99D4-1ADC9B84676A}
		{C6BC9DB9-04EC-4BF8-94EE-AD66A95AFBA8} = {717E9A22-5E67-463B-99D4-1ADC9B84676A}
		{15A09201-CB38-4AF6-8312-B1FA933F230C} = {717E9A22-5E67-463B-99D4-1ADC9B84676A}
		{2BE01C0B-0A97-4FDE-866C-AC6DE5447B21} = {E46D65B5-18C9-44E7-9E29-FC6268463509}
		{8735007C-F29C-4540-9B82-50C773B2CED7} = {A6DC297A-0CDF-4077-95B2-5C4CEA25646D}
		{BA7244B5-9DF9-457F-AF92-67C14E49092D} = {4246D2D8-E08A-45F3-9C73-BCFADAADF2C7}
		{E46D65B5-18C9-44E7-9E29-FC6268463509} = {4246D2D8-E08A-45F3-9C73-BCFADAADF2C7}
		{A6DC297A-0CDF-4077-95B2-5C4CEA25646D} = {4246D2D8-E08A-45F3-9C73-BCFADAADF2C7}
		{4246D2D8-E08A-45F3-9C73-BCFADAADF2C7} = {195BAC64-7EFB-4F74-94D8-3DCA26910B35}
		{A3A7B0F8-6AB3-4B7F-853F-D1AD02FC5503} = {4246D2D8-E08A-45F3-9C73-BCFADAADF2C7}
		{C8CA725A-59E1-4883-B1F3-9ECD1715DE3D} = {4246D2D8-E08A-45F3-9C73-BCFADAADF2C7}
		{02F0E877-F220-4883-A827-4AEC1AB138DA} = {C8CA725A-59E1-4883-B1F3-9ECD1715DE3D}
	EndGlobalSection
	GlobalSection(ExtensibilityGlobals) = postSolution
		SolutionGuid = {F0F91577-5464-444E-AF42-DD9A8FE5DA2A}
	EndGlobalSection
EndGlobal
